
Microsoft Visual Studio Solution File, Format Version 12.00
# Visual Studio 15
VisualStudioVersion = 15.0.28010.2036
MinimumVisualStudioVersion = 10.0.40219.1
Project("{FAE04EC0-301F-11D3-BF4B-00C04F79EFBC}") = "Hobbits", "Hobbits\Hobbits.csproj", "{A8563FB8-0A1A-45A7-8EC6-235441231655}"
EndProject
Global
	GlobalSection(SolutionConfigurationPlatforms) = preSolution
		Debug|Any CPU = Debug|Any CPU
		Release|Any CPU = Release|Any CPU
	EndGlobalSection
	GlobalSection(ProjectConfigurationPlatforms) = postSolution
		{A8563FB8-0A1A-45A7-8EC6-235441231655}.Debug|Any CPU.ActiveCfg = Debug|Any CPU
		{A8563FB8-0A1A-45A7-8EC6-235441231655}.Debug|Any CPU.Build.0 = Debug|Any CPU
		{A8563FB8-0A1A-45A7-8EC6-235441231655}.Release|Any CPU.ActiveCfg = Release|Any CPU
		{A8563FB8-0A1A-45A7-8EC6-235441231655}.Release|Any CPU.Build.0 = Release|Any CPU
	EndGlobalSection
	GlobalSection(SolutionProperties) = preSolution
		HideSolutionNode = FALSE
	EndGlobalSection
	GlobalSection(ExtensibilityGlobals) = postSolution
		SolutionGuid = {7B361C2D-94E4-4C0E-B56B-AD54F01E7848}
	EndGlobalSection
EndGlobal
