
Microsoft Visual Studio Solution File, Format Version 12.00
# Visual Studio Version 16
VisualStudioVersion = 16.0.29215.179
MinimumVisualStudioVersion = 10.0.40219.1
Project("{FAE04EC0-301F-11D3-BF4B-00C04F79EFBC}") = "Gargoyles", "Gargoyles\Gargoyles.csproj", "{93D2A924-B9C6-482A-B49A-AA2A9EE799F2}"
EndProject
Global
	GlobalSection(SolutionConfigurationPlatforms) = preSolution
		Debug|Any CPU = Debug|Any CPU
		Release|Any CPU = Release|Any CPU
	EndGlobalSection
	GlobalSection(ProjectConfigurationPlatforms) = postSolution
		{93D2A924-B9C6-482A-B49A-AA2A9EE799F2}.Debug|Any CPU.ActiveCfg = Debug|Any CPU
		{93D2A924-B9C6-482A-B49A-AA2A9EE799F2}.Debug|Any CPU.Build.0 = Debug|Any CPU
		{93D2A924-B9C6-482A-B49A-AA2A9EE799F2}.Release|Any CPU.ActiveCfg = Release|Any CPU
		{93D2A924-B9C6-482A-B49A-AA2A9EE799F2}.Release|Any CPU.Build.0 = Release|Any CPU
	EndGlobalSection
	GlobalSection(SolutionProperties) = preSolution
		HideSolutionNode = FALSE
	EndGlobalSection
	GlobalSection(ExtensibilityGlobals) = postSolution
		SolutionGuid = {43F000EC-CDC2-417A-923E-F6E37BDA9AD1}
	EndGlobalSection
EndGlobal
