
Microsoft Visual Studio Solution File, Format Version 12.00
# Visual Studio Version 16
VisualStudioVersion = 16.0.29318.209
MinimumVisualStudioVersion = 10.0.40219.1
Project("{FAE04EC0-301F-11D3-BF4B-00C04F79EFBC}") = "Gargoyles", "Gargoyles\Gargoyles.csproj", "{7AF7804F-E130-4677-82D3-BD533E81D95A}"
EndProject
Global
	GlobalSection(SolutionConfigurationPlatforms) = preSolution
		Debug|Any CPU = Debug|Any CPU
		Release|Any CPU = Release|Any CPU
	EndGlobalSection
	GlobalSection(ProjectConfigurationPlatforms) = postSolution
		{7AF7804F-E130-4677-82D3-BD533E81D95A}.Debug|Any CPU.ActiveCfg = Debug|Any CPU
		{7AF7804F-E130-4677-82D3-BD533E81D95A}.Debug|Any CPU.Build.0 = Debug|Any CPU
		{7AF7804F-E130-4677-82D3-BD533E81D95A}.Release|Any CPU.ActiveCfg = Release|Any CPU
		{7AF7804F-E130-4677-82D3-BD533E81D95A}.Release|Any CPU.Build.0 = Release|Any CPU
	EndGlobalSection
	GlobalSection(SolutionProperties) = preSolution
		HideSolutionNode = FALSE
	EndGlobalSection
	GlobalSection(ExtensibilityGlobals) = postSolution
		SolutionGuid = {CE413E1D-4D19-47C0-A107-F2B60DDADC77}
	EndGlobalSection
EndGlobal
