
Microsoft Visual Studio Solution File, Format Version 12.00
# Visual Studio Version 16
VisualStudioVersion = 16.0.29326.143
MinimumVisualStudioVersion = 10.0.40219.1
Project("{9A19103F-16F7-4668-BE54-9A1E7A4F7556}") = "Assignment7", "Assignment7\Assignment7.csproj", "{BB80DD40-7286-4472-8504-401B0203A88F}"
EndProject
Global
	GlobalSection(SolutionConfigurationPlatforms) = preSolution
		Debug|Any CPU = Debug|Any CPU
		Release|Any CPU = Release|Any CPU
	EndGlobalSection
	GlobalSection(ProjectConfigurationPlatforms) = postSolution
		{BB80DD40-7286-4472-8504-401B0203A88F}.Debug|Any CPU.ActiveCfg = Debug|Any CPU
		{BB80DD40-7286-4472-8504-401B0203A88F}.Debug|Any CPU.Build.0 = Debug|Any CPU
		{BB80DD40-7286-4472-8504-401B0203A88F}.Release|Any CPU.ActiveCfg = Release|Any CPU
		{BB80DD40-7286-4472-8504-401B0203A88F}.Release|Any CPU.Build.0 = Release|Any CPU
	EndGlobalSection
	GlobalSection(SolutionProperties) = preSolution
		HideSolutionNode = FALSE
	EndGlobalSection
	GlobalSection(ExtensibilityGlobals) = postSolution
		SolutionGuid = {736FD30C-1341-428E-A0F7-DE70D84A3B08}
	EndGlobalSection
EndGlobal
